
Microsoft Visual Studio Solution File, Format Version 12.00
# Visual Studio 15
Project("{FAE04EC0-301F-11D3-BF4B-00C04F79EFBC}") = "Assembly-CSharp", "Assembly-CSharp.csproj", "{F1BA7C26-E499-0158-CBF1-8F23B762EABB}"
EndProject
Project("{FAE04EC0-301F-11D3-BF4B-00C04F79EFBC}") = "Assembly-CSharp-Editor", "Assembly-CSharp-Editor.csproj", "{9EB04B41-4B65-C579-7BE0-9BCC78830FBE}"
EndProject
Global
	GlobalSection(SolutionConfigurationPlatforms) = preSolution
		Debug|Any CPU = Debug|Any CPU
		Release|Any CPU = Release|Any CPU
	EndGlobalSection
	GlobalSection(ProjectConfigurationPlatforms) = postSolution
		{F1BA7C26-E499-0158-CBF1-8F23B762EABB}.Debug|Any CPU.ActiveCfg = Debug|Any CPU
		{F1BA7C26-E499-0158-CBF1-8F23B762EABB}.Debug|Any CPU.Build.0 = Debug|Any CPU
		{F1BA7C26-E499-0158-CBF1-8F23B762EABB}.Release|Any CPU.ActiveCfg = Release|Any CPU
		{F1BA7C26-E499-0158-CBF1-8F23B762EABB}.Release|Any CPU.Build.0 = Release|Any CPU
		{9EB04B41-4B65-C579-7BE0-9BCC78830FBE}.Debug|Any CPU.ActiveCfg = Debug|Any CPU
		{9EB04B41-4B65-C579-7BE0-9BCC78830FBE}.Debug|Any CPU.Build.0 = Debug|Any CPU
		{9EB04B41-4B65-C579-7BE0-9BCC78830FBE}.Release|Any CPU.ActiveCfg = Release|Any CPU
		{9EB04B41-4B65-C579-7BE0-9BCC78830FBE}.Release|Any CPU.Build.0 = Release|Any CPU
	EndGlobalSection
	GlobalSection(SolutionProperties) = preSolution
		HideSolutionNode = FALSE
	EndGlobalSection
EndGlobal
